
Microsoft Visual Studio Solution File, Format Version 12.00
# Visual Studio 15
VisualStudioVersion = 15.0.27130.0
MinimumVisualStudioVersion = 10.0.40219.1
Project("{FAE04EC0-301F-11D3-BF4B-00C04F79EFBC}") = "CallingCard", "CallingCard\CallingCard.csproj", "{761141B5-EFD3-42BF-B0D6-032F0C2D2DF4}"
EndProject
Global
	GlobalSection(SolutionConfigurationPlatforms) = preSolution
		Debug|Any CPU = Debug|Any CPU
		Release|Any CPU = Release|Any CPU
	EndGlobalSection
	GlobalSection(ProjectConfigurationPlatforms) = postSolution
		{761141B5-EFD3-42BF-B0D6-032F0C2D2DF4}.Debug|Any CPU.ActiveCfg = Debug|Any CPU
		{761141B5-EFD3-42BF-B0D6-032F0C2D2DF4}.Debug|Any CPU.Build.0 = Debug|Any CPU
		{761141B5-EFD3-42BF-B0D6-032F0C2D2DF4}.Release|Any CPU.ActiveCfg = Release|Any CPU
		{761141B5-EFD3-42BF-B0D6-032F0C2D2DF4}.Release|Any CPU.Build.0 = Release|Any CPU
	EndGlobalSection
	GlobalSection(SolutionProperties) = preSolution
		HideSolutionNode = FALSE
	EndGlobalSection
	GlobalSection(ExtensibilityGlobals) = postSolution
		SolutionGuid = {967775B5-DEDC-44A5-8312-5A3DE7CF8E62}
	EndGlobalSection
EndGlobal
