
Microsoft Visual Studio Solution File, Format Version 12.00
# Visual Studio 15
VisualStudioVersion = 15.0.27130.0
MinimumVisualStudioVersion = 10.0.40219.1
Project("{FAE04EC0-301F-11D3-BF4B-00C04F79EFBC}") = "BankAccounts", "BankAccounts\BankAccounts.csproj", "{70639077-B11A-41B0-B8C6-18094BDE66D0}"
EndProject
Global
	GlobalSection(SolutionConfigurationPlatforms) = preSolution
		Debug|Any CPU = Debug|Any CPU
		Release|Any CPU = Release|Any CPU
	EndGlobalSection
	GlobalSection(ProjectConfigurationPlatforms) = postSolution
		{70639077-B11A-41B0-B8C6-18094BDE66D0}.Debug|Any CPU.ActiveCfg = Debug|Any CPU
		{70639077-B11A-41B0-B8C6-18094BDE66D0}.Debug|Any CPU.Build.0 = Debug|Any CPU
		{70639077-B11A-41B0-B8C6-18094BDE66D0}.Release|Any CPU.ActiveCfg = Release|Any CPU
		{70639077-B11A-41B0-B8C6-18094BDE66D0}.Release|Any CPU.Build.0 = Release|Any CPU
	EndGlobalSection
	GlobalSection(SolutionProperties) = preSolution
		HideSolutionNode = FALSE
	EndGlobalSection
	GlobalSection(ExtensibilityGlobals) = postSolution
		SolutionGuid = {95E8010C-D6C9-44F5-B775-BAA0E6B105E7}
	EndGlobalSection
EndGlobal
