
Microsoft Visual Studio Solution File, Format Version 12.00
# Visual Studio 15
VisualStudioVersion = 15.0.27130.0
MinimumVisualStudioVersion = 10.0.40219.1
Project("{FAE04EC0-301F-11D3-BF4B-00C04F79EFBC}") = "WeddingPlanner", "WeddingPlanner\WeddingPlanner.csproj", "{DC87DA3C-F877-48D4-9399-1ECEAC2B0FEA}"
EndProject
Global
	GlobalSection(SolutionConfigurationPlatforms) = preSolution
		Debug|Any CPU = Debug|Any CPU
		Release|Any CPU = Release|Any CPU
	EndGlobalSection
	GlobalSection(ProjectConfigurationPlatforms) = postSolution
		{DC87DA3C-F877-48D4-9399-1ECEAC2B0FEA}.Debug|Any CPU.ActiveCfg = Debug|Any CPU
		{DC87DA3C-F877-48D4-9399-1ECEAC2B0FEA}.Debug|Any CPU.Build.0 = Debug|Any CPU
		{DC87DA3C-F877-48D4-9399-1ECEAC2B0FEA}.Release|Any CPU.ActiveCfg = Release|Any CPU
		{DC87DA3C-F877-48D4-9399-1ECEAC2B0FEA}.Release|Any CPU.Build.0 = Release|Any CPU
	EndGlobalSection
	GlobalSection(SolutionProperties) = preSolution
		HideSolutionNode = FALSE
	EndGlobalSection
	GlobalSection(ExtensibilityGlobals) = postSolution
		SolutionGuid = {A6993104-C0B6-45F3-9B8A-EE513D059581}
	EndGlobalSection
EndGlobal
